
Microsoft Visual Studio Solution File, Format Version 12.00
# Visual Studio Version 17
VisualStudioVersion = 17.1.32328.378
MinimumVisualStudioVersion = 10.0.40219.1
Project("{F184B08F-C81C-45F6-A57F-5ABD9991F28F}") = "WindowsApp1", "WindowsApp1\WindowsApp1.vbproj", "{FF8054BC-A419-412E-8F07-2C357C7E63B1}"
EndProject
Global
	GlobalSection(SolutionConfigurationPlatforms) = preSolution
		Debug|Any CPU = Debug|Any CPU
		Release|Any CPU = Release|Any CPU
	EndGlobalSection
	GlobalSection(ProjectConfigurationPlatforms) = postSolution
		{FF8054BC-A419-412E-8F07-2C357C7E63B1}.Debug|Any CPU.ActiveCfg = Debug|Any CPU
		{FF8054BC-A419-412E-8F07-2C357C7E63B1}.Debug|Any CPU.Build.0 = Debug|Any CPU
		{FF8054BC-A419-412E-8F07-2C357C7E63B1}.Release|Any CPU.ActiveCfg = Release|Any CPU
		{FF8054BC-A419-412E-8F07-2C357C7E63B1}.Release|Any CPU.Build.0 = Release|Any CPU
	EndGlobalSection
	GlobalSection(SolutionProperties) = preSolution
		HideSolutionNode = FALSE
	EndGlobalSection
	GlobalSection(ExtensibilityGlobals) = postSolution
		SolutionGuid = {3E53BC34-C509-4D1C-9BC8-6C15A1916767}
	EndGlobalSection
EndGlobal
