
Microsoft Visual Studio Solution File, Format Version 12.00
# Visual Studio Version 17
VisualStudioVersion = 17.1.32414.318
MinimumVisualStudioVersion = 10.0.40219.1
Project("{F184B08F-C81C-45F6-A57F-5ABD9991F28F}") = "Test", "Test\Test.vbproj", "{FE249176-246C-4F29-96F9-00A57975D74A}"
EndProject
Global
	GlobalSection(SolutionConfigurationPlatforms) = preSolution
		Debug|Any CPU = Debug|Any CPU
		Release|Any CPU = Release|Any CPU
	EndGlobalSection
	GlobalSection(ProjectConfigurationPlatforms) = postSolution
		{FE249176-246C-4F29-96F9-00A57975D74A}.Debug|Any CPU.ActiveCfg = Debug|Any CPU
		{FE249176-246C-4F29-96F9-00A57975D74A}.Debug|Any CPU.Build.0 = Debug|Any CPU
		{FE249176-246C-4F29-96F9-00A57975D74A}.Release|Any CPU.ActiveCfg = Release|Any CPU
		{FE249176-246C-4F29-96F9-00A57975D74A}.Release|Any CPU.Build.0 = Release|Any CPU
	EndGlobalSection
	GlobalSection(SolutionProperties) = preSolution
		HideSolutionNode = FALSE
	EndGlobalSection
	GlobalSection(ExtensibilityGlobals) = postSolution
		SolutionGuid = {EE2F5C9E-B374-492E-B6BE-9AE0AD9CA1E5}
	EndGlobalSection
EndGlobal
