
Microsoft Visual Studio Solution File, Format Version 12.00
# Visual Studio Version 17
VisualStudioVersion = 17.1.32414.318
MinimumVisualStudioVersion = 10.0.40219.1
Project("{F184B08F-C81C-45F6-A57F-5ABD9991F28F}") = "MapTest", "MapTest\MapTest.vbproj", "{158DFBF0-60D6-4CD3-92EC-427C739FF9DA}"
EndProject
Global
	GlobalSection(SolutionConfigurationPlatforms) = preSolution
		Debug|Any CPU = Debug|Any CPU
		Release|Any CPU = Release|Any CPU
	EndGlobalSection
	GlobalSection(ProjectConfigurationPlatforms) = postSolution
		{158DFBF0-60D6-4CD3-92EC-427C739FF9DA}.Debug|Any CPU.ActiveCfg = Debug|Any CPU
		{158DFBF0-60D6-4CD3-92EC-427C739FF9DA}.Debug|Any CPU.Build.0 = Debug|Any CPU
		{158DFBF0-60D6-4CD3-92EC-427C739FF9DA}.Release|Any CPU.ActiveCfg = Release|Any CPU
		{158DFBF0-60D6-4CD3-92EC-427C739FF9DA}.Release|Any CPU.Build.0 = Release|Any CPU
	EndGlobalSection
	GlobalSection(SolutionProperties) = preSolution
		HideSolutionNode = FALSE
	EndGlobalSection
	GlobalSection(ExtensibilityGlobals) = postSolution
		SolutionGuid = {973A554A-7EF2-4EE1-8CA0-7348F7A344BC}
	EndGlobalSection
EndGlobal
